
Microsoft Visual Studio Solution File, Format Version 12.00
# Visual Studio 14
VisualStudioVersion = 14.0.25420.1
MinimumVisualStudioVersion = 10.0.40219.1
Project("{FAE04EC0-301F-11D3-BF4B-00C04F79EFBC}") = "Ejercicios_03_Rafael", "Ejercicios_03_Rafael\Ejercicios_03_Rafael.csproj", "{68FD9B34-CD1B-4C20-8E99-279DC52F6F9A}"
EndProject
Global
	GlobalSection(SolutionConfigurationPlatforms) = preSolution
		Debug|Any CPU = Debug|Any CPU
		Release|Any CPU = Release|Any CPU
	EndGlobalSection
	GlobalSection(ProjectConfigurationPlatforms) = postSolution
		{68FD9B34-CD1B-4C20-8E99-279DC52F6F9A}.Debug|Any CPU.ActiveCfg = Debug|Any CPU
		{68FD9B34-CD1B-4C20-8E99-279DC52F6F9A}.Debug|Any CPU.Build.0 = Debug|Any CPU
		{68FD9B34-CD1B-4C20-8E99-279DC52F6F9A}.Release|Any CPU.ActiveCfg = Release|Any CPU
		{68FD9B34-CD1B-4C20-8E99-279DC52F6F9A}.Release|Any CPU.Build.0 = Release|Any CPU
	EndGlobalSection
	GlobalSection(SolutionProperties) = preSolution
		HideSolutionNode = FALSE
	EndGlobalSection
EndGlobal
